
Microsoft Visual Studio Solution File, Format Version 12.00
# Visual Studio Version 16
VisualStudioVersion = 16.0.29905.134
MinimumVisualStudioVersion = 10.0.40219.1
Project("{9A19103F-16F7-4668-BE54-9A1E7A4F7556}") = "FilaProcessamento.Test", "FilaProcessamento.Test\FilaProcessamento.Test.csproj", "{30930D7A-4FCA-441A-B007-DCAD1277E9FC}"
EndProject
Project("{9A19103F-16F7-4668-BE54-9A1E7A4F7556}") = "FilaProcessamento.Domain", "FilaProcessamento.Domain\FilaProcessamento.Domain.csproj", "{E18FCB41-7E12-4978-874D-44C56B57A697}"
EndProject
Project("{9A19103F-16F7-4668-BE54-9A1E7A4F7556}") = "FilaProcessamento.Api", "FilaProcessamento.Api\FilaProcessamento.Api.csproj", "{16B4D8EE-032E-42D2-931F-CF0D6891A8EA}"
EndProject
Global
	GlobalSection(SolutionConfigurationPlatforms) = preSolution
		Debug|Any CPU = Debug|Any CPU
		Release|Any CPU = Release|Any CPU
	EndGlobalSection
	GlobalSection(ProjectConfigurationPlatforms) = postSolution
		{30930D7A-4FCA-441A-B007-DCAD1277E9FC}.Debug|Any CPU.ActiveCfg = Debug|Any CPU
		{30930D7A-4FCA-441A-B007-DCAD1277E9FC}.Debug|Any CPU.Build.0 = Debug|Any CPU
		{30930D7A-4FCA-441A-B007-DCAD1277E9FC}.Release|Any CPU.ActiveCfg = Release|Any CPU
		{30930D7A-4FCA-441A-B007-DCAD1277E9FC}.Release|Any CPU.Build.0 = Release|Any CPU
		{E18FCB41-7E12-4978-874D-44C56B57A697}.Debug|Any CPU.ActiveCfg = Debug|Any CPU
		{E18FCB41-7E12-4978-874D-44C56B57A697}.Debug|Any CPU.Build.0 = Debug|Any CPU
		{E18FCB41-7E12-4978-874D-44C56B57A697}.Release|Any CPU.ActiveCfg = Release|Any CPU
		{E18FCB41-7E12-4978-874D-44C56B57A697}.Release|Any CPU.Build.0 = Release|Any CPU
		{16B4D8EE-032E-42D2-931F-CF0D6891A8EA}.Debug|Any CPU.ActiveCfg = Debug|Any CPU
		{16B4D8EE-032E-42D2-931F-CF0D6891A8EA}.Debug|Any CPU.Build.0 = Debug|Any CPU
		{16B4D8EE-032E-42D2-931F-CF0D6891A8EA}.Release|Any CPU.ActiveCfg = Release|Any CPU
		{16B4D8EE-032E-42D2-931F-CF0D6891A8EA}.Release|Any CPU.Build.0 = Release|Any CPU
	EndGlobalSection
	GlobalSection(SolutionProperties) = preSolution
		HideSolutionNode = FALSE
	EndGlobalSection
	GlobalSection(ExtensibilityGlobals) = postSolution
		SolutionGuid = {FE3249D3-83BA-468B-9E35-2D693ED5C2C7}
	EndGlobalSection
EndGlobal
